{
  "version": 4,
  "terraform_version": "0.12.26",
  "serial": 40,
  "lineage": "12f250ff-706a-df86-b1ef-60ba78310642",
  "outputs": {},
  "resources": [
    {
      "mode": "data",
      "type": "yandex_compute_image",
      "name": "base_image",
      "provider": "provider.yandex",
      "instances": [
        {
          "schema_version": 0,
          "attributes": {
            "created_at": "2020-05-06T16:31:52Z",
            "description": "centos 7",
            "family": "centos-7",
            "folder_id": "standard-images",
            "id": "fd84ls54ki3ebimih00p",
            "image_id": "fd84ls54ki3ebimih00p",
            "labels": {},
            "min_disk_size": 10,
            "name": "centos-7-1588780900",
            "os_type": "linux",
            "product_ids": [
              "f2e53vu8dk3saafouebv"
            ],
            "size": 1,
            "status": "ready"
          }
        }
      ]
    },
    {
      "mode": "managed",
      "type": "yandex_compute_instance",
      "name": "node",
      "each": "list",
      "provider": "provider.yandex",
      "instances": [
        {
          "index_key": 0,
          "schema_version": 1,
          "attributes": {
            "allow_stopping_for_update": null,
            "boot_disk": [
              {
                "auto_delete": true,
                "device_name": "fhml68ja088nlpekjqkb",
                "disk_id": "fhml68ja088nlpekjqkb",
                "initialize_params": [
                  {
                    "description": "",
                    "image_id": "fd84ls54ki3ebimih00p",
                    "name": "",
                    "size": 20,
                    "snapshot_id": "",
                    "type": "network-ssd"
                  }
                ],
                "mode": "READ_WRITE"
              }
            ],
            "created_at": "2020-06-24T07:27:00Z",
            "description": "",
            "folder_id": "b1gtdfj0iq939kfud3t9",
            "fqdn": "node-0.ru-central1.internal",
            "hostname": "node-0",
            "id": "fhm7io8dp5f2iqr1dp89",
            "labels": null,
            "metadata": {
              "ssh-keys": "danya:ssh-rsa AAAAB3NzaC1yc2EAAAADAQABAAABAQDRjuQL4Fp+FO7+N3bqp/CwAlqYuIswMt6ppIw08fgx8yiO8II5sl7WGJQrvISMrAy6gBx5O/hx+qbcJBXqiqjtoNtnrjC0HsDPEDhGM0NjcrGR+T4nIhP3lIVLHCP4ZQlRInvZcxi9Llgv9DONJPERmBCl64QJTHHw/bB9VL/oem2DAnSK2hb/3BT7SpgVoUan31RIgIkH1bokTogUGQuDEFBbkwrhzj1An6e8olFs7AUF+xm4pL2jVRffIk06PYb5HZlcr+RZnhEH0Akh5bE3reGAc+a5khWCLSvzaEIa9TKkELd8Qo7Z+bS30flx69/d+VECAxFVOi28s2XOaiZ7 danya@linux\n"
            },
            "name": "node-0",
            "network_acceleration_type": "standard",
            "network_interface": [
              {
                "index": 0,
                "ip_address": "10.100.100.28",
                "ipv4": true,
                "ipv6": false,
                "ipv6_address": "",
                "mac_address": "d0:0d:79:61:0d:c9",
                "nat": true,
                "nat_ip_address": "130.193.48.197",
                "nat_ip_version": "IPV4",
                "security_group_ids": null,
                "subnet_id": "e9bmdtvss5jso2e3a8pt"
              }
            ],
            "platform_id": "standard-v1",
            "resources": [
              {
                "core_fraction": 100,
                "cores": 2,
                "gpus": 0,
                "memory": 4
              }
            ],
            "scheduling_policy": [
              {
                "preemptible": false
              }
            ],
            "secondary_disk": [],
            "service_account_id": "",
            "status": "running",
            "timeouts": null,
            "zone": "ru-central1-a"
          },
          "private": "eyJlMmJmYjczMC1lY2FhLTExZTYtOGY4OC0zNDM2M2JjN2M0YzAiOnsiY3JlYXRlIjozMDAwMDAwMDAwMDAsImRlbGV0ZSI6MzAwMDAwMDAwMDAwLCJ1cGRhdGUiOjMwMDAwMDAwMDAwMH0sInNjaGVtYV92ZXJzaW9uIjoiMSJ9",
          "dependencies": [
            "yandex_vpc_subnet.subnet-1"
          ]
        },
        {
          "index_key": 1,
          "schema_version": 1,
          "attributes": {
            "allow_stopping_for_update": null,
            "boot_disk": [
              {
                "auto_delete": true,
                "device_name": "fhmp9ope8dbqrm5577tp",
                "disk_id": "fhmp9ope8dbqrm5577tp",
                "initialize_params": [
                  {
                    "description": "",
                    "image_id": "fd84ls54ki3ebimih00p",
                    "name": "",
                    "size": 20,
                    "snapshot_id": "",
                    "type": "network-ssd"
                  }
                ],
                "mode": "READ_WRITE"
              }
            ],
            "created_at": "2020-06-24T07:26:58Z",
            "description": "",
            "folder_id": "b1gtdfj0iq939kfud3t9",
            "fqdn": "node-1.ru-central1.internal",
            "hostname": "node-1",
            "id": "fhm64c100enljkukj7j5",
            "labels": null,
            "metadata": {
              "ssh-keys": "danya:ssh-rsa AAAAB3NzaC1yc2EAAAADAQABAAABAQDRjuQL4Fp+FO7+N3bqp/CwAlqYuIswMt6ppIw08fgx8yiO8II5sl7WGJQrvISMrAy6gBx5O/hx+qbcJBXqiqjtoNtnrjC0HsDPEDhGM0NjcrGR+T4nIhP3lIVLHCP4ZQlRInvZcxi9Llgv9DONJPERmBCl64QJTHHw/bB9VL/oem2DAnSK2hb/3BT7SpgVoUan31RIgIkH1bokTogUGQuDEFBbkwrhzj1An6e8olFs7AUF+xm4pL2jVRffIk06PYb5HZlcr+RZnhEH0Akh5bE3reGAc+a5khWCLSvzaEIa9TKkELd8Qo7Z+bS30flx69/d+VECAxFVOi28s2XOaiZ7 danya@linux\n"
            },
            "name": "node-1",
            "network_acceleration_type": "standard",
            "network_interface": [
              {
                "index": 0,
                "ip_address": "10.100.100.18",
                "ipv4": true,
                "ipv6": false,
                "ipv6_address": "",
                "mac_address": "d0:0d:62:30:20:03",
                "nat": true,
                "nat_ip_address": "130.193.48.125",
                "nat_ip_version": "IPV4",
                "security_group_ids": null,
                "subnet_id": "e9bmdtvss5jso2e3a8pt"
              }
            ],
            "platform_id": "standard-v1",
            "resources": [
              {
                "core_fraction": 100,
                "cores": 2,
                "gpus": 0,
                "memory": 4
              }
            ],
            "scheduling_policy": [
              {
                "preemptible": false
              }
            ],
            "secondary_disk": [],
            "service_account_id": "",
            "status": "running",
            "timeouts": null,
            "zone": "ru-central1-a"
          },
          "private": "eyJlMmJmYjczMC1lY2FhLTExZTYtOGY4OC0zNDM2M2JjN2M0YzAiOnsiY3JlYXRlIjozMDAwMDAwMDAwMDAsImRlbGV0ZSI6MzAwMDAwMDAwMDAwLCJ1cGRhdGUiOjMwMDAwMDAwMDAwMH0sInNjaGVtYV92ZXJzaW9uIjoiMSJ9",
          "dependencies": [
            "yandex_vpc_subnet.subnet-1"
          ]
        },
        {
          "index_key": 2,
          "schema_version": 1,
          "attributes": {
            "allow_stopping_for_update": null,
            "boot_disk": [
              {
                "auto_delete": true,
                "device_name": "fhmv79psdonkbkv0m7tp",
                "disk_id": "fhmv79psdonkbkv0m7tp",
                "initialize_params": [
                  {
                    "description": "",
                    "image_id": "fd84ls54ki3ebimih00p",
                    "name": "",
                    "size": 20,
                    "snapshot_id": "",
                    "type": "network-ssd"
                  }
                ],
                "mode": "READ_WRITE"
              }
            ],
            "created_at": "2020-06-24T07:26:58Z",
            "description": "",
            "folder_id": "b1gtdfj0iq939kfud3t9",
            "fqdn": "node-2.ru-central1.internal",
            "hostname": "node-2",
            "id": "fhmmse1q1rav9dj1esp9",
            "labels": null,
            "metadata": {
              "ssh-keys": "danya:ssh-rsa AAAAB3NzaC1yc2EAAAADAQABAAABAQDRjuQL4Fp+FO7+N3bqp/CwAlqYuIswMt6ppIw08fgx8yiO8II5sl7WGJQrvISMrAy6gBx5O/hx+qbcJBXqiqjtoNtnrjC0HsDPEDhGM0NjcrGR+T4nIhP3lIVLHCP4ZQlRInvZcxi9Llgv9DONJPERmBCl64QJTHHw/bB9VL/oem2DAnSK2hb/3BT7SpgVoUan31RIgIkH1bokTogUGQuDEFBbkwrhzj1An6e8olFs7AUF+xm4pL2jVRffIk06PYb5HZlcr+RZnhEH0Akh5bE3reGAc+a5khWCLSvzaEIa9TKkELd8Qo7Z+bS30flx69/d+VECAxFVOi28s2XOaiZ7 danya@linux\n"
            },
            "name": "node-2",
            "network_acceleration_type": "standard",
            "network_interface": [
              {
                "index": 0,
                "ip_address": "10.100.100.13",
                "ipv4": true,
                "ipv6": false,
                "ipv6_address": "",
                "mac_address": "d0:0d:16:e3:83:a0",
                "nat": true,
                "nat_ip_address": "130.193.51.222",
                "nat_ip_version": "IPV4",
                "security_group_ids": null,
                "subnet_id": "e9bmdtvss5jso2e3a8pt"
              }
            ],
            "platform_id": "standard-v1",
            "resources": [
              {
                "core_fraction": 100,
                "cores": 2,
                "gpus": 0,
                "memory": 4
              }
            ],
            "scheduling_policy": [
              {
                "preemptible": false
              }
            ],
            "secondary_disk": [],
            "service_account_id": "",
            "status": "running",
            "timeouts": null,
            "zone": "ru-central1-a"
          },
          "private": "eyJlMmJmYjczMC1lY2FhLTExZTYtOGY4OC0zNDM2M2JjN2M0YzAiOnsiY3JlYXRlIjozMDAwMDAwMDAwMDAsImRlbGV0ZSI6MzAwMDAwMDAwMDAwLCJ1cGRhdGUiOjMwMDAwMDAwMDAwMH0sInNjaGVtYV92ZXJzaW9uIjoiMSJ9",
          "dependencies": [
            "yandex_vpc_subnet.subnet-1"
          ]
        },
        {
          "index_key": 3,
          "schema_version": 1,
          "attributes": {
            "allow_stopping_for_update": null,
            "boot_disk": [
              {
                "auto_delete": true,
                "device_name": "fhmi3bamd8pmtspo7f5i",
                "disk_id": "fhmi3bamd8pmtspo7f5i",
                "initialize_params": [
                  {
                    "description": "",
                    "image_id": "fd84ls54ki3ebimih00p",
                    "name": "",
                    "size": 20,
                    "snapshot_id": "",
                    "type": "network-ssd"
                  }
                ],
                "mode": "READ_WRITE"
              }
            ],
            "created_at": "2020-06-24T07:26:59Z",
            "description": "",
            "folder_id": "b1gtdfj0iq939kfud3t9",
            "fqdn": "node-3.ru-central1.internal",
            "hostname": "node-3",
            "id": "fhmoeo39qqdnl576e06p",
            "labels": null,
            "metadata": {
              "ssh-keys": "danya:ssh-rsa AAAAB3NzaC1yc2EAAAADAQABAAABAQDRjuQL4Fp+FO7+N3bqp/CwAlqYuIswMt6ppIw08fgx8yiO8II5sl7WGJQrvISMrAy6gBx5O/hx+qbcJBXqiqjtoNtnrjC0HsDPEDhGM0NjcrGR+T4nIhP3lIVLHCP4ZQlRInvZcxi9Llgv9DONJPERmBCl64QJTHHw/bB9VL/oem2DAnSK2hb/3BT7SpgVoUan31RIgIkH1bokTogUGQuDEFBbkwrhzj1An6e8olFs7AUF+xm4pL2jVRffIk06PYb5HZlcr+RZnhEH0Akh5bE3reGAc+a5khWCLSvzaEIa9TKkELd8Qo7Z+bS30flx69/d+VECAxFVOi28s2XOaiZ7 danya@linux\n"
            },
            "name": "node-3",
            "network_acceleration_type": "standard",
            "network_interface": [
              {
                "index": 0,
                "ip_address": "10.100.100.20",
                "ipv4": true,
                "ipv6": false,
                "ipv6_address": "",
                "mac_address": "d0:0d:18:76:06:9d",
                "nat": true,
                "nat_ip_address": "130.193.51.183",
                "nat_ip_version": "IPV4",
                "security_group_ids": null,
                "subnet_id": "e9bmdtvss5jso2e3a8pt"
              }
            ],
            "platform_id": "standard-v1",
            "resources": [
              {
                "core_fraction": 100,
                "cores": 2,
                "gpus": 0,
                "memory": 4
              }
            ],
            "scheduling_policy": [
              {
                "preemptible": false
              }
            ],
            "secondary_disk": [],
            "service_account_id": "",
            "status": "running",
            "timeouts": null,
            "zone": "ru-central1-a"
          },
          "private": "eyJlMmJmYjczMC1lY2FhLTExZTYtOGY4OC0zNDM2M2JjN2M0YzAiOnsiY3JlYXRlIjozMDAwMDAwMDAwMDAsImRlbGV0ZSI6MzAwMDAwMDAwMDAwLCJ1cGRhdGUiOjMwMDAwMDAwMDAwMH0sInNjaGVtYV92ZXJzaW9uIjoiMSJ9",
          "dependencies": [
            "yandex_vpc_subnet.subnet-1"
          ]
        },
        {
          "index_key": 4,
          "schema_version": 1,
          "attributes": {
            "allow_stopping_for_update": null,
            "boot_disk": [
              {
                "auto_delete": true,
                "device_name": "fhmomk33pppv1u2u3h54",
                "disk_id": "fhmomk33pppv1u2u3h54",
                "initialize_params": [
                  {
                    "description": "",
                    "image_id": "fd84ls54ki3ebimih00p",
                    "name": "",
                    "size": 20,
                    "snapshot_id": "",
                    "type": "network-ssd"
                  }
                ],
                "mode": "READ_WRITE"
              }
            ],
            "created_at": "2020-06-24T07:27:01Z",
            "description": "",
            "folder_id": "b1gtdfj0iq939kfud3t9",
            "fqdn": "node-4.ru-central1.internal",
            "hostname": "node-4",
            "id": "fhm54lsm2co8pkrtrcm5",
            "labels": null,
            "metadata": {
              "ssh-keys": "danya:ssh-rsa AAAAB3NzaC1yc2EAAAADAQABAAABAQDRjuQL4Fp+FO7+N3bqp/CwAlqYuIswMt6ppIw08fgx8yiO8II5sl7WGJQrvISMrAy6gBx5O/hx+qbcJBXqiqjtoNtnrjC0HsDPEDhGM0NjcrGR+T4nIhP3lIVLHCP4ZQlRInvZcxi9Llgv9DONJPERmBCl64QJTHHw/bB9VL/oem2DAnSK2hb/3BT7SpgVoUan31RIgIkH1bokTogUGQuDEFBbkwrhzj1An6e8olFs7AUF+xm4pL2jVRffIk06PYb5HZlcr+RZnhEH0Akh5bE3reGAc+a5khWCLSvzaEIa9TKkELd8Qo7Z+bS30flx69/d+VECAxFVOi28s2XOaiZ7 danya@linux\n"
            },
            "name": "node-4",
            "network_acceleration_type": "standard",
            "network_interface": [
              {
                "index": 0,
                "ip_address": "10.100.100.12",
                "ipv4": true,
                "ipv6": false,
                "ipv6_address": "",
                "mac_address": "d0:0d:52:57:96:13",
                "nat": true,
                "nat_ip_address": "130.193.51.187",
                "nat_ip_version": "IPV4",
                "security_group_ids": null,
                "subnet_id": "e9bmdtvss5jso2e3a8pt"
              }
            ],
            "platform_id": "standard-v1",
            "resources": [
              {
                "core_fraction": 100,
                "cores": 2,
                "gpus": 0,
                "memory": 4
              }
            ],
            "scheduling_policy": [
              {
                "preemptible": false
              }
            ],
            "secondary_disk": [],
            "service_account_id": "",
            "status": "running",
            "timeouts": null,
            "zone": "ru-central1-a"
          },
          "private": "eyJlMmJmYjczMC1lY2FhLTExZTYtOGY4OC0zNDM2M2JjN2M0YzAiOnsiY3JlYXRlIjozMDAwMDAwMDAwMDAsImRlbGV0ZSI6MzAwMDAwMDAwMDAwLCJ1cGRhdGUiOjMwMDAwMDAwMDAwMH0sInNjaGVtYV92ZXJzaW9uIjoiMSJ9",
          "dependencies": [
            "yandex_vpc_subnet.subnet-1"
          ]
        },
        {
          "index_key": 5,
          "schema_version": 1,
          "attributes": {
            "allow_stopping_for_update": null,
            "boot_disk": [
              {
                "auto_delete": true,
                "device_name": "fhme8baohq907p7cot45",
                "disk_id": "fhme8baohq907p7cot45",
                "initialize_params": [
                  {
                    "description": "",
                    "image_id": "fd84ls54ki3ebimih00p",
                    "name": "",
                    "size": 20,
                    "snapshot_id": "",
                    "type": "network-ssd"
                  }
                ],
                "mode": "READ_WRITE"
              }
            ],
            "created_at": "2020-06-24T07:26:58Z",
            "description": "",
            "folder_id": "b1gtdfj0iq939kfud3t9",
            "fqdn": "node-5.ru-central1.internal",
            "hostname": "node-5",
            "id": "fhmv5l0a568qjp9tomoq",
            "labels": null,
            "metadata": {
              "ssh-keys": "danya:ssh-rsa AAAAB3NzaC1yc2EAAAADAQABAAABAQDRjuQL4Fp+FO7+N3bqp/CwAlqYuIswMt6ppIw08fgx8yiO8II5sl7WGJQrvISMrAy6gBx5O/hx+qbcJBXqiqjtoNtnrjC0HsDPEDhGM0NjcrGR+T4nIhP3lIVLHCP4ZQlRInvZcxi9Llgv9DONJPERmBCl64QJTHHw/bB9VL/oem2DAnSK2hb/3BT7SpgVoUan31RIgIkH1bokTogUGQuDEFBbkwrhzj1An6e8olFs7AUF+xm4pL2jVRffIk06PYb5HZlcr+RZnhEH0Akh5bE3reGAc+a5khWCLSvzaEIa9TKkELd8Qo7Z+bS30flx69/d+VECAxFVOi28s2XOaiZ7 danya@linux\n"
            },
            "name": "node-5",
            "network_acceleration_type": "standard",
            "network_interface": [
              {
                "index": 0,
                "ip_address": "10.100.100.26",
                "ipv4": true,
                "ipv6": false,
                "ipv6_address": "",
                "mac_address": "d0:0d:1f:2d:40:a2",
                "nat": true,
                "nat_ip_address": "130.193.48.164",
                "nat_ip_version": "IPV4",
                "security_group_ids": null,
                "subnet_id": "e9bmdtvss5jso2e3a8pt"
              }
            ],
            "platform_id": "standard-v1",
            "resources": [
              {
                "core_fraction": 100,
                "cores": 2,
                "gpus": 0,
                "memory": 4
              }
            ],
            "scheduling_policy": [
              {
                "preemptible": false
              }
            ],
            "secondary_disk": [],
            "service_account_id": "",
            "status": "running",
            "timeouts": null,
            "zone": "ru-central1-a"
          },
          "private": "eyJlMmJmYjczMC1lY2FhLTExZTYtOGY4OC0zNDM2M2JjN2M0YzAiOnsiY3JlYXRlIjozMDAwMDAwMDAwMDAsImRlbGV0ZSI6MzAwMDAwMDAwMDAwLCJ1cGRhdGUiOjMwMDAwMDAwMDAwMH0sInNjaGVtYV92ZXJzaW9uIjoiMSJ9",
          "dependencies": [
            "yandex_vpc_subnet.subnet-1"
          ]
        }
      ]
    },
    {
      "mode": "managed",
      "type": "yandex_vpc_network",
      "name": "main-skb",
      "provider": "provider.yandex",
      "instances": [
        {
          "schema_version": 0,
          "attributes": {
            "created_at": "2020-06-24T03:38:18Z",
            "description": "",
            "folder_id": "b1gtdfj0iq939kfud3t9",
            "id": "enpt74gf24g3697lfu8e",
            "labels": {},
            "name": "main-skb",
            "subnet_ids": [
              "e9bmdtvss5jso2e3a8pt"
            ],
            "timeouts": null
          },
          "private": "eyJlMmJmYjczMC1lY2FhLTExZTYtOGY4OC0zNDM2M2JjN2M0YzAiOnsiY3JlYXRlIjo2MDAwMDAwMDAwMCwiZGVsZXRlIjo2MDAwMDAwMDAwMCwidXBkYXRlIjo2MDAwMDAwMDAwMH19"
        }
      ]
    },
    {
      "mode": "managed",
      "type": "yandex_vpc_subnet",
      "name": "subnet-1",
      "provider": "provider.yandex",
      "instances": [
        {
          "schema_version": 0,
          "attributes": {
            "created_at": "2020-06-24T03:38:20Z",
            "description": "",
            "dhcp_options": [],
            "folder_id": "b1gtdfj0iq939kfud3t9",
            "id": "e9bmdtvss5jso2e3a8pt",
            "labels": {},
            "name": "subnet-1",
            "network_id": "enpt74gf24g3697lfu8e",
            "route_table_id": "",
            "timeouts": null,
            "v4_cidr_blocks": [
              "10.100.100.0/24"
            ],
            "v6_cidr_blocks": [],
            "zone": "ru-central1-a"
          },
          "private": "eyJlMmJmYjczMC1lY2FhLTExZTYtOGY4OC0zNDM2M2JjN2M0YzAiOnsiY3JlYXRlIjoxODAwMDAwMDAwMDAsImRlbGV0ZSI6MTgwMDAwMDAwMDAwLCJ1cGRhdGUiOjE4MDAwMDAwMDAwMH19",
          "dependencies": [
            "yandex_vpc_network.main-skb"
          ]
        }
      ]
    }
  ]
}
