{
  "version": 4,
  "terraform_version": "0.12.26",
  "serial": 33,
  "lineage": "12f250ff-706a-df86-b1ef-60ba78310642",
  "outputs": {},
  "resources": [
    {
      "mode": "data",
      "type": "yandex_compute_image",
      "name": "base_image",
      "provider": "provider.yandex",
      "instances": [
        {
          "schema_version": 0,
          "attributes": {
            "created_at": "2020-05-06T16:31:52Z",
            "description": "centos 7",
            "family": "centos-7",
            "folder_id": "standard-images",
            "id": "fd84ls54ki3ebimih00p",
            "image_id": "fd84ls54ki3ebimih00p",
            "labels": {},
            "min_disk_size": 10,
            "name": "centos-7-1588780900",
            "os_type": "linux",
            "product_ids": [
              "f2e53vu8dk3saafouebv"
            ],
            "size": 1,
            "status": "ready"
          }
        }
      ]
    },
    {
      "mode": "managed",
      "type": "yandex_compute_instance",
      "name": "node",
      "each": "list",
      "provider": "provider.yandex",
      "instances": [
        {
          "index_key": 0,
          "schema_version": 1,
          "attributes": {
            "allow_stopping_for_update": null,
            "boot_disk": [
              {
                "auto_delete": true,
                "device_name": "fhmgsuvamt3mmm37560k",
                "disk_id": "fhmgsuvamt3mmm37560k",
                "initialize_params": [
                  {
                    "description": "",
                    "image_id": "fd84ls54ki3ebimih00p",
                    "name": "",
                    "size": 20,
                    "snapshot_id": "",
                    "type": "network-ssd"
                  }
                ],
                "mode": "READ_WRITE"
              }
            ],
            "created_at": "2020-06-24T07:14:25Z",
            "description": "",
            "folder_id": "b1gtdfj0iq939kfud3t9",
            "fqdn": "node-0.ru-central1.internal",
            "hostname": "node-0",
            "id": "fhm6oel2q406l5ruhpse",
            "labels": null,
            "metadata": {
              "ssh-keys": "danya:ssh-rsa AAAAB3NzaC1yc2EAAAADAQABAAABAQDRjuQL4Fp+FO7+N3bqp/CwAlqYuIswMt6ppIw08fgx8yiO8II5sl7WGJQrvISMrAy6gBx5O/hx+qbcJBXqiqjtoNtnrjC0HsDPEDhGM0NjcrGR+T4nIhP3lIVLHCP4ZQlRInvZcxi9Llgv9DONJPERmBCl64QJTHHw/bB9VL/oem2DAnSK2hb/3BT7SpgVoUan31RIgIkH1bokTogUGQuDEFBbkwrhzj1An6e8olFs7AUF+xm4pL2jVRffIk06PYb5HZlcr+RZnhEH0Akh5bE3reGAc+a5khWCLSvzaEIa9TKkELd8Qo7Z+bS30flx69/d+VECAxFVOi28s2XOaiZ7 danya@linux\n",
              "user-data": "# up-config\ntimezone: Asia/Yekaterinburg\nrepo_update: true\nyum:\n\tepel-release: true\n\npackages:\n\t- mc\n"
            },
            "name": "node-0",
            "network_acceleration_type": "standard",
            "network_interface": [
              {
                "index": 0,
                "ip_address": "10.100.100.33",
                "ipv4": true,
                "ipv6": false,
                "ipv6_address": "",
                "mac_address": "d0:0d:6c:3a:a2:d1",
                "nat": true,
                "nat_ip_address": "130.193.48.166",
                "nat_ip_version": "IPV4",
                "security_group_ids": null,
                "subnet_id": "e9bmdtvss5jso2e3a8pt"
              }
            ],
            "platform_id": "standard-v1",
            "resources": [
              {
                "core_fraction": 100,
                "cores": 2,
                "gpus": 0,
                "memory": 2
              }
            ],
            "scheduling_policy": [
              {
                "preemptible": false
              }
            ],
            "secondary_disk": [],
            "service_account_id": "",
            "status": "running",
            "timeouts": null,
            "zone": "ru-central1-a"
          },
          "private": "eyJlMmJmYjczMC1lY2FhLTExZTYtOGY4OC0zNDM2M2JjN2M0YzAiOnsiY3JlYXRlIjozMDAwMDAwMDAwMDAsImRlbGV0ZSI6MzAwMDAwMDAwMDAwLCJ1cGRhdGUiOjMwMDAwMDAwMDAwMH0sInNjaGVtYV92ZXJzaW9uIjoiMSJ9",
          "dependencies": [
            "yandex_vpc_subnet.subnet-1"
          ]
        }
      ]
    },
    {
      "mode": "managed",
      "type": "yandex_vpc_network",
      "name": "main-skb",
      "provider": "provider.yandex",
      "instances": [
        {
          "schema_version": 0,
          "attributes": {
            "created_at": "2020-06-24T03:38:18Z",
            "description": "",
            "folder_id": "b1gtdfj0iq939kfud3t9",
            "id": "enpt74gf24g3697lfu8e",
            "labels": {},
            "name": "main-skb",
            "subnet_ids": [
              "e9bmdtvss5jso2e3a8pt"
            ],
            "timeouts": null
          },
          "private": "eyJlMmJmYjczMC1lY2FhLTExZTYtOGY4OC0zNDM2M2JjN2M0YzAiOnsiY3JlYXRlIjo2MDAwMDAwMDAwMCwiZGVsZXRlIjo2MDAwMDAwMDAwMCwidXBkYXRlIjo2MDAwMDAwMDAwMH19"
        }
      ]
    },
    {
      "mode": "managed",
      "type": "yandex_vpc_subnet",
      "name": "subnet-1",
      "provider": "provider.yandex",
      "instances": [
        {
          "schema_version": 0,
          "attributes": {
            "created_at": "2020-06-24T03:38:20Z",
            "description": "",
            "dhcp_options": [],
            "folder_id": "b1gtdfj0iq939kfud3t9",
            "id": "e9bmdtvss5jso2e3a8pt",
            "labels": {},
            "name": "subnet-1",
            "network_id": "enpt74gf24g3697lfu8e",
            "route_table_id": "",
            "timeouts": null,
            "v4_cidr_blocks": [
              "10.100.100.0/24"
            ],
            "v6_cidr_blocks": [],
            "zone": "ru-central1-a"
          },
          "private": "eyJlMmJmYjczMC1lY2FhLTExZTYtOGY4OC0zNDM2M2JjN2M0YzAiOnsiY3JlYXRlIjoxODAwMDAwMDAwMDAsImRlbGV0ZSI6MTgwMDAwMDAwMDAwLCJ1cGRhdGUiOjE4MDAwMDAwMDAwMH19",
          "dependencies": [
            "yandex_vpc_network.main-skb"
          ]
        }
      ]
    }
  ]
}
